
Microsoft Visual Studio Solution File, Format Version 12.00
# Visual Studio 14
VisualStudioVersion = 14.0.25123.0
MinimumVisualStudioVersion = 10.0.40219.1
Project("{9092AA53-FB77-4645-B42D-1CCCA6BD08BD}") = "trNgGrid", "trNgGrid.njsproj", "{323895EE-B25E-4602-9FA1-C045F6454F09}"
EndProject
Global
	GlobalSection(SolutionConfigurationPlatforms) = preSolution
		Debug|Any CPU = Debug|Any CPU
		Release|Any CPU = Release|Any CPU
	EndGlobalSection
	GlobalSection(ProjectConfigurationPlatforms) = postSolution
		{323895EE-B25E-4602-9FA1-C045F6454F09}.Debug|Any CPU.ActiveCfg = Debug|Any CPU
		{323895EE-B25E-4602-9FA1-C045F6454F09}.Debug|Any CPU.Build.0 = Debug|Any CPU
		{323895EE-B25E-4602-9FA1-C045F6454F09}.Release|Any CPU.ActiveCfg = Release|Any CPU
		{323895EE-B25E-4602-9FA1-C045F6454F09}.Release|Any CPU.Build.0 = Release|Any CPU
	EndGlobalSection
	GlobalSection(SolutionProperties) = preSolution
		HideSolutionNode = FALSE
	EndGlobalSection
EndGlobal
